
Microsoft Visual Studio Solution File, Format Version 12.00
# Visual Studio Version 17
VisualStudioVersion = 17.11.0.0
MinimumVisualStudioVersion = 10.0.40219.1
Project("{9A19103F-16F7-4668-BE54-9A1E7A4F7556}") = "Diaphane.Shell", "src\Diaphane.Shell\Diaphane.Shell.csproj", "{11111111-1111-1111-1111-111111111111}"
EndProject
Project("{9A19103F-16F7-4668-BE54-9A1E7A4F7556}") = "Diaphane.Data", "src\Diaphane.Data\Diaphane.Data.csproj", "{22222222-2222-2222-2222-222222222222}"
EndProject
Project("{9A19103F-16F7-4668-BE54-9A1E7A4F7556}") = "Diaphane.Privacy", "src\Diaphane.Privacy\Diaphane.Privacy.csproj", "{33333333-3333-3333-3333-333333333333}"
EndProject
Project("{9A19103F-16F7-4668-BE54-9A1E7A4F7556}") = "Diaphane.Shell.Tests", "tests\Diaphane.Shell.Tests\Diaphane.Shell.Tests.csproj", "{44444444-4444-4444-4444-444444444444}"
EndProject
Project("{2150E333-8FDC-42A3-9474-1A3956D46DE8}") = "src", "src", "{827E0CD3-B72D-47B6-A68D-7590B98EB39B}"
EndProject
Project("{FAE04EC0-301F-11D3-BF4B-00C04F79EFBC}") = "Diaphane.Core", "src\Diaphane.Core\Diaphane.Core.csproj", "{E01A5468-143F-4856-B614-1572C0961B53}"
EndProject
Project("{2150E333-8FDC-42A3-9474-1A3956D46DE8}") = "tests", "tests", "{0AB3BF05-4346-4AA6-1389-037BE0695223}"
EndProject
Project("{FAE04EC0-301F-11D3-BF4B-00C04F79EFBC}") = "Diaphane.Core.Tests", "tests\Diaphane.Core.Tests\Diaphane.Core.Tests.csproj", "{A8156E2F-88BD-4F0C-9785-4044D9DF9058}"
EndProject
Project("{2150E333-8FDC-42A3-9474-1A3956D46DE8}") = "tools", "tools", "{07C2787E-EAC7-C090-1BA3-A61EC2A24D84}"
EndProject
Project("{FAE04EC0-301F-11D3-BF4B-00C04F79EFBC}") = "HeadlessLoad", "tools\HeadlessLoad\HeadlessLoad.csproj", "{7E5B7C3E-CE2E-45EF-844C-94D07A8687B9}"
EndProject
Global
	GlobalSection(SolutionConfigurationPlatforms) = preSolution
		Debug|Any CPU = Debug|Any CPU
		Debug|x64 = Debug|x64
		Debug|x86 = Debug|x86
		Release|Any CPU = Release|Any CPU
		Release|x64 = Release|x64
		Release|x86 = Release|x86
	EndGlobalSection
	GlobalSection(ProjectConfigurationPlatforms) = postSolution
		{11111111-1111-1111-1111-111111111111}.Debug|Any CPU.ActiveCfg = Debug|Any CPU
		{11111111-1111-1111-1111-111111111111}.Debug|Any CPU.Build.0 = Debug|Any CPU
		{11111111-1111-1111-1111-111111111111}.Debug|x64.ActiveCfg = Debug|Any CPU
		{11111111-1111-1111-1111-111111111111}.Debug|x64.Build.0 = Debug|Any CPU
		{11111111-1111-1111-1111-111111111111}.Debug|x86.ActiveCfg = Debug|Any CPU
		{11111111-1111-1111-1111-111111111111}.Debug|x86.Build.0 = Debug|Any CPU
		{11111111-1111-1111-1111-111111111111}.Release|Any CPU.ActiveCfg = Release|Any CPU
		{11111111-1111-1111-1111-111111111111}.Release|Any CPU.Build.0 = Release|Any CPU
		{11111111-1111-1111-1111-111111111111}.Release|x64.ActiveCfg = Release|Any CPU
		{11111111-1111-1111-1111-111111111111}.Release|x64.Build.0 = Release|Any CPU
		{11111111-1111-1111-1111-111111111111}.Release|x86.ActiveCfg = Release|Any CPU
		{11111111-1111-1111-1111-111111111111}.Release|x86.Build.0 = Release|Any CPU
		{22222222-2222-2222-2222-222222222222}.Debug|Any CPU.ActiveCfg = Debug|Any CPU
		{22222222-2222-2222-2222-222222222222}.Debug|Any CPU.Build.0 = Debug|Any CPU
		{22222222-2222-2222-2222-222222222222}.Debug|x64.ActiveCfg = Debug|Any CPU
		{22222222-2222-2222-2222-222222222222}.Debug|x64.Build.0 = Debug|Any CPU
		{22222222-2222-2222-2222-222222222222}.Debug|x86.ActiveCfg = Debug|Any CPU
		{22222222-2222-2222-2222-222222222222}.Debug|x86.Build.0 = Debug|Any CPU
		{22222222-2222-2222-2222-222222222222}.Release|Any CPU.ActiveCfg = Release|Any CPU
		{22222222-2222-2222-2222-222222222222}.Release|Any CPU.Build.0 = Release|Any CPU
		{22222222-2222-2222-2222-222222222222}.Release|x64.ActiveCfg = Release|Any CPU
		{22222222-2222-2222-2222-222222222222}.Release|x64.Build.0 = Release|Any CPU
		{22222222-2222-2222-2222-222222222222}.Release|x86.ActiveCfg = Release|Any CPU
		{22222222-2222-2222-2222-222222222222}.Release|x86.Build.0 = Release|Any CPU
		{33333333-3333-3333-3333-333333333333}.Debug|Any CPU.ActiveCfg = Debug|Any CPU
		{33333333-3333-3333-3333-333333333333}.Debug|Any CPU.Build.0 = Debug|Any CPU
		{33333333-3333-3333-3333-333333333333}.Debug|x64.ActiveCfg = Debug|Any CPU
		{33333333-3333-3333-3333-333333333333}.Debug|x64.Build.0 = Debug|Any CPU
		{33333333-3333-3333-3333-333333333333}.Debug|x86.ActiveCfg = Debug|Any CPU
		{33333333-3333-3333-3333-333333333333}.Debug|x86.Build.0 = Debug|Any CPU
		{33333333-3333-3333-3333-333333333333}.Release|Any CPU.ActiveCfg = Release|Any CPU
		{33333333-3333-3333-3333-333333333333}.Release|Any CPU.Build.0 = Release|Any CPU
		{33333333-3333-3333-3333-333333333333}.Release|x64.ActiveCfg = Release|Any CPU
		{33333333-3333-3333-3333-333333333333}.Release|x64.Build.0 = Release|Any CPU
		{33333333-3333-3333-3333-333333333333}.Release|x86.ActiveCfg = Release|Any CPU
		{33333333-3333-3333-3333-333333333333}.Release|x86.Build.0 = Release|Any CPU
		{44444444-4444-4444-4444-444444444444}.Debug|Any CPU.ActiveCfg = Debug|Any CPU
		{44444444-4444-4444-4444-444444444444}.Debug|Any CPU.Build.0 = Debug|Any CPU
		{44444444-4444-4444-4444-444444444444}.Debug|x64.ActiveCfg = Debug|Any CPU
		{44444444-4444-4444-4444-444444444444}.Debug|x64.Build.0 = Debug|Any CPU
		{44444444-4444-4444-4444-444444444444}.Debug|x86.ActiveCfg = Debug|Any CPU
		{44444444-4444-4444-4444-444444444444}.Debug|x86.Build.0 = Debug|Any CPU
		{44444444-4444-4444-4444-444444444444}.Release|Any CPU.ActiveCfg = Release|Any CPU
		{44444444-4444-4444-4444-444444444444}.Release|Any CPU.Build.0 = Release|Any CPU
		{44444444-4444-4444-4444-444444444444}.Release|x64.ActiveCfg = Release|Any CPU
		{44444444-4444-4444-4444-444444444444}.Release|x64.Build.0 = Release|Any CPU
		{44444444-4444-4444-4444-444444444444}.Release|x86.ActiveCfg = Release|Any CPU
		{44444444-4444-4444-4444-444444444444}.Release|x86.Build.0 = Release|Any CPU
		{E01A5468-143F-4856-B614-1572C0961B53}.Debug|Any CPU.ActiveCfg = Debug|x64
		{E01A5468-143F-4856-B614-1572C0961B53}.Debug|Any CPU.Build.0 = Debug|x64
		{E01A5468-143F-4856-B614-1572C0961B53}.Debug|x64.ActiveCfg = Debug|x64
		{E01A5468-143F-4856-B614-1572C0961B53}.Debug|x64.Build.0 = Debug|x64
		{E01A5468-143F-4856-B614-1572C0961B53}.Debug|x86.ActiveCfg = Debug|x64
		{E01A5468-143F-4856-B614-1572C0961B53}.Debug|x86.Build.0 = Debug|x64
		{E01A5468-143F-4856-B614-1572C0961B53}.Release|Any CPU.ActiveCfg = Release|x64
		{E01A5468-143F-4856-B614-1572C0961B53}.Release|Any CPU.Build.0 = Release|x64
		{E01A5468-143F-4856-B614-1572C0961B53}.Release|x64.ActiveCfg = Release|x64
		{E01A5468-143F-4856-B614-1572C0961B53}.Release|x64.Build.0 = Release|x64
		{E01A5468-143F-4856-B614-1572C0961B53}.Release|x86.ActiveCfg = Release|x64
		{E01A5468-143F-4856-B614-1572C0961B53}.Release|x86.Build.0 = Release|x64
		{A8156E2F-88BD-4F0C-9785-4044D9DF9058}.Debug|Any CPU.ActiveCfg = Debug|x64
		{A8156E2F-88BD-4F0C-9785-4044D9DF9058}.Debug|Any CPU.Build.0 = Debug|x64
		{A8156E2F-88BD-4F0C-9785-4044D9DF9058}.Debug|x64.ActiveCfg = Debug|x64
		{A8156E2F-88BD-4F0C-9785-4044D9DF9058}.Debug|x64.Build.0 = Debug|x64
		{A8156E2F-88BD-4F0C-9785-4044D9DF9058}.Debug|x86.ActiveCfg = Debug|x64
		{A8156E2F-88BD-4F0C-9785-4044D9DF9058}.Debug|x86.Build.0 = Debug|x64
		{A8156E2F-88BD-4F0C-9785-4044D9DF9058}.Release|Any CPU.ActiveCfg = Release|x64
		{A8156E2F-88BD-4F0C-9785-4044D9DF9058}.Release|Any CPU.Build.0 = Release|x64
		{A8156E2F-88BD-4F0C-9785-4044D9DF9058}.Release|x64.ActiveCfg = Release|x64
		{A8156E2F-88BD-4F0C-9785-4044D9DF9058}.Release|x64.Build.0 = Release|x64
		{A8156E2F-88BD-4F0C-9785-4044D9DF9058}.Release|x86.ActiveCfg = Release|x64
		{A8156E2F-88BD-4F0C-9785-4044D9DF9058}.Release|x86.Build.0 = Release|x64
		{7E5B7C3E-CE2E-45EF-844C-94D07A8687B9}.Debug|Any CPU.ActiveCfg = Debug|x64
		{7E5B7C3E-CE2E-45EF-844C-94D07A8687B9}.Debug|Any CPU.Build.0 = Debug|x64
		{7E5B7C3E-CE2E-45EF-844C-94D07A8687B9}.Debug|x64.ActiveCfg = Debug|x64
		{7E5B7C3E-CE2E-45EF-844C-94D07A8687B9}.Debug|x64.Build.0 = Debug|x64
		{7E5B7C3E-CE2E-45EF-844C-94D07A8687B9}.Debug|x86.ActiveCfg = Debug|x64
		{7E5B7C3E-CE2E-45EF-844C-94D07A8687B9}.Debug|x86.Build.0 = Debug|x64
		{7E5B7C3E-CE2E-45EF-844C-94D07A8687B9}.Release|Any CPU.ActiveCfg = Release|x64
		{7E5B7C3E-CE2E-45EF-844C-94D07A8687B9}.Release|Any CPU.Build.0 = Release|x64
		{7E5B7C3E-CE2E-45EF-844C-94D07A8687B9}.Release|x64.ActiveCfg = Release|x64
		{7E5B7C3E-CE2E-45EF-844C-94D07A8687B9}.Release|x64.Build.0 = Release|x64
		{7E5B7C3E-CE2E-45EF-844C-94D07A8687B9}.Release|x86.ActiveCfg = Release|x64
		{7E5B7C3E-CE2E-45EF-844C-94D07A8687B9}.Release|x86.Build.0 = Release|x64
	EndGlobalSection
	GlobalSection(SolutionProperties) = preSolution
		HideSolutionNode = FALSE
	EndGlobalSection
	GlobalSection(NestedProjects) = preSolution
		{E01A5468-143F-4856-B614-1572C0961B53} = {827E0CD3-B72D-47B6-A68D-7590B98EB39B}
		{A8156E2F-88BD-4F0C-9785-4044D9DF9058} = {0AB3BF05-4346-4AA6-1389-037BE0695223}
		{7E5B7C3E-CE2E-45EF-844C-94D07A8687B9} = {07C2787E-EAC7-C090-1BA3-A61EC2A24D84}
	EndGlobalSection
EndGlobal
